
Microsoft Visual Studio Solution File, Format Version 12.00
# Visual Studio Version 17
VisualStudioVersion = 17.11.35222.181
MinimumVisualStudioVersion = 10.0.40219.1
Project("{FAE04EC0-301F-11D3-BF4B-00C04F79EFBC}") = "lib_repositorios", "lib_repositorios\lib_repositorios.csproj", "{EBFF9BFA-63AA-404B-891E-1201AC660839}"
EndProject
Project("{FAE04EC0-301F-11D3-BF4B-00C04F79EFBC}") = "lib_entidades", "lib_entidades\lib_entidades.csproj", "{7C5F9994-1289-473F-9D33-392E443D7DA4}"
EndProject
Project("{FAE04EC0-301F-11D3-BF4B-00C04F79EFBC}") = "mst_pruebas", "mst_pruebas\mst_pruebas.csproj", "{22C22A2C-875B-4844-A808-D7D4103BCE8D}"
EndProject
Global
	GlobalSection(SolutionConfigurationPlatforms) = preSolution
		Debug|Any CPU = Debug|Any CPU
		Release|Any CPU = Release|Any CPU
	EndGlobalSection
	GlobalSection(ProjectConfigurationPlatforms) = postSolution
		{EBFF9BFA-63AA-404B-891E-1201AC660839}.Debug|Any CPU.ActiveCfg = Debug|Any CPU
		{EBFF9BFA-63AA-404B-891E-1201AC660839}.Debug|Any CPU.Build.0 = Debug|Any CPU
		{EBFF9BFA-63AA-404B-891E-1201AC660839}.Release|Any CPU.ActiveCfg = Release|Any CPU
		{EBFF9BFA-63AA-404B-891E-1201AC660839}.Release|Any CPU.Build.0 = Release|Any CPU
		{7C5F9994-1289-473F-9D33-392E443D7DA4}.Debug|Any CPU.ActiveCfg = Debug|Any CPU
		{7C5F9994-1289-473F-9D33-392E443D7DA4}.Debug|Any CPU.Build.0 = Debug|Any CPU
		{7C5F9994-1289-473F-9D33-392E443D7DA4}.Release|Any CPU.ActiveCfg = Release|Any CPU
		{7C5F9994-1289-473F-9D33-392E443D7DA4}.Release|Any CPU.Build.0 = Release|Any CPU
		{22C22A2C-875B-4844-A808-D7D4103BCE8D}.Debug|Any CPU.ActiveCfg = Debug|Any CPU
		{22C22A2C-875B-4844-A808-D7D4103BCE8D}.Debug|Any CPU.Build.0 = Debug|Any CPU
		{22C22A2C-875B-4844-A808-D7D4103BCE8D}.Release|Any CPU.ActiveCfg = Release|Any CPU
		{22C22A2C-875B-4844-A808-D7D4103BCE8D}.Release|Any CPU.Build.0 = Release|Any CPU
	EndGlobalSection
	GlobalSection(SolutionProperties) = preSolution
		HideSolutionNode = FALSE
	EndGlobalSection
	GlobalSection(ExtensibilityGlobals) = postSolution
		SolutionGuid = {9872DC32-14EC-4F3F-A501-14FD9D6F9412}
	EndGlobalSection
EndGlobal
